# THIS IS AN AUTOGENERATED FILE. DO NOT EDIT THIS FILE DIRECTLY.
# yarn lockfile v1


"@antv/adjust@~0.1.1":
  version "0.1.1"
  resolved "https://registry.yarnpkg.com/@antv/adjust/-/adjust-0.1.1.tgz#e263ab0e1a1941a648842fc086cf65a7e3b75e98"
  integrity sha512-9FaMOyBlM4AgoRL0b5o0VhEKAYkexBNUrxV8XmpHU/9NBPJONBOB/NZUlQDqxtLItrt91tCfbAuMQmF529UX2Q==
  dependencies:
    "@antv/util" "~1.3.1"

"@antv/attr@~0.1.0":
  version "0.1.2"
  resolved "https://registry.yarnpkg.com/@antv/attr/-/attr-0.1.2.tgz#2eeb122fcaaf851a2d8749abc7c60519d3f77e37"
  integrity sha512-QXjP+T2I+pJQcwZx1oCA4tipG43vgeCeKcGGKahlcxb71OBAzjJZm1QbF4frKXcnOqRkxVXtCr70X9TRair3Ew==
  dependencies:
    "@antv/util" "~1.3.1"

"@antv/f2@~3.3.5":
  version "3.3.8"
  resolved "https://registry.yarnpkg.com/@antv/f2/-/f2-3.3.8.tgz#1b8a542d64c46306dfb29f123f8ccd2de1245966"
  integrity sha512-+FN++t0qC06vFDs6lodqZC/cbMIXRWgeQgAcObXPhCwpkmX53uLPi3n6hTPoD7HeB0mTAcvKzWc8lFLnGsDfQA==
  dependencies:
    "@antv/adjust" "~0.1.1"
    "@antv/attr" "~0.1.0"
    "@antv/scale" "~0.1.2"
    "@antv/util" "~1.2.5"
    hammerjs "^2.0.8"

"@antv/gl-matrix@^2.7.1":
  version "2.7.1"
  resolved "https://registry.yarnpkg.com/@antv/gl-matrix/-/gl-matrix-2.7.1.tgz#acb8e37f7ab3df01345aba4372d7942be42eba14"
  integrity sha512-oOWcVNlpELIKi9x+Mm1Vwbz8pXfkbJKykoCIOJ/dNK79hSIANbpXJ5d3Rra9/wZqK6MC961B7sybFhPlLraT3Q==

"@antv/my-f2@^1.1.6":
  version "1.1.6"
  resolved "https://registry.yarnpkg.com/@antv/my-f2/-/my-f2-1.1.6.tgz#433fb1c2d4ece53e6d7fc294947bff81b6aeda5e"
  integrity sha512-sENiht7ZY/9Av/fbMhB/UjDEbQA75W9eePJQduJNynF75Uh8FIzzKs5yuBz0cXJ4Pa51Pm+oGBDGKowHcSzPpw==
  dependencies:
    "@antv/f2" "~3.3.5"
    wolfy87-eventemitter "^5.2.4"

"@antv/scale@~0.1.2":
  version "0.1.2"
  resolved "https://registry.yarnpkg.com/@antv/scale/-/scale-0.1.2.tgz#bd9cb33033d8944b52c3e0e4accfd60541c3c147"
  integrity sha512-lAJJUDiQIgoBSnlJDlMjbuaO2K71/e85hNtsjuv22os6QPqJZE/Q56JXLAgT5L5vXo9d4DFnxzwOBjdonHJXoA==
  dependencies:
    "@antv/util" "~1.3.1"
    fecha "~2.3.3"

"@antv/util@~1.2.5":
  version "1.2.5"
  resolved "https://registry.yarnpkg.com/@antv/util/-/util-1.2.5.tgz#8896c5055ec29e4a344b5daa97bf82905f7d40cd"
  integrity sha512-yz1AjXSEjNu9O5kK9pqKq69f/Iliu/IA3XXljUcfrlbUtmUJ0CH1tB5I60vPqfaKaUPhz+/35K+56yqaCsGmqA==
  dependencies:
    "@antv/gl-matrix" "^2.7.1"

"@antv/util@~1.3.1":
  version "1.3.1"
  resolved "https://registry.yarnpkg.com/@antv/util/-/util-1.3.1.tgz#30a34b201ff9126ec0d58c72c8166a9c3e644ccd"
  integrity sha512-cbUta0hIJrKEaW3eKoGarz3Ita+9qUPF2YzTj8A6wds/nNiy20G26ztIWHU+5ThLc13B1n5Ik52LbaCaeg9enA==
  dependencies:
    "@antv/gl-matrix" "^2.7.1"

fecha@~2.3.3:
  version "2.3.3"
  resolved "https://registry.yarnpkg.com/fecha/-/fecha-2.3.3.tgz#948e74157df1a32fd1b12c3a3c3cdcb6ec9d96cd"
  integrity sha512-lUGBnIamTAwk4znq5BcqsDaxSmZ9nDVJaij6NvRt/Tg4R69gERA+otPKbS86ROw9nxVMw2/mp1fnaiWqbs6Sdg==

hammerjs@^2.0.8:
  version "2.0.8"
  resolved "https://registry.yarnpkg.com/hammerjs/-/hammerjs-2.0.8.tgz#04ef77862cff2bb79d30f7692095930222bf60f1"
  integrity sha1-BO93hiz/K7edMPdpIJWTAiK/YPE=

wolfy87-eventemitter@^5.2.4:
  version "5.2.6"
  resolved "https://registry.yarnpkg.com/wolfy87-eventemitter/-/wolfy87-eventemitter-5.2.6.tgz#cc5de965d34099e5c14ec189ee72553802d3ace2"
  integrity sha512-n+bSucT1j9ZEoosxnfuH81bWqtZG4QEtZ9WEuiXz9YQAHEktGYKoSoMTKWTJEcYux8lWoqp1KqHPBpwvJKFFTw==
